
Microsoft Visual Studio Solution File, Format Version 12.00
# Visual Studio Version 17
VisualStudioVersion = 17.0.31903.59
MinimumVisualStudioVersion = 10.0.40219.1
Project("{FAE04EC0-301F-11D3-BF4B-00C04F79EFBC}") = "TestService.Api", "TestService.Api\TestService.Api.csproj", "{0FB1776C-E58D-4B0B-8E6E-81C9C837D011}"
EndProject
Project("{FAE04EC0-301F-11D3-BF4B-00C04F79EFBC}") = "TestService.Tests", "TestService.Tests\TestService.Tests.csproj", "{C0A4BCF7-5DB0-4AD9-BA98-B9E9E6AAAB80}"
EndProject
Global
	GlobalSection(SolutionConfigurationPlatforms) = preSolution
		Debug|Any CPU = Debug|Any CPU
		Debug|x64 = Debug|x64
		Debug|x86 = Debug|x86
		Release|Any CPU = Release|Any CPU
		Release|x64 = Release|x64
		Release|x86 = Release|x86
	EndGlobalSection
	GlobalSection(ProjectConfigurationPlatforms) = postSolution
		{0FB1776C-E58D-4B0B-8E6E-81C9C837D011}.Debug|Any CPU.ActiveCfg = Debug|Any CPU
		{0FB1776C-E58D-4B0B-8E6E-81C9C837D011}.Debug|Any CPU.Build.0 = Debug|Any CPU
		{0FB1776C-E58D-4B0B-8E6E-81C9C837D011}.Debug|x64.ActiveCfg = Debug|Any CPU
		{0FB1776C-E58D-4B0B-8E6E-81C9C837D011}.Debug|x64.Build.0 = Debug|Any CPU
		{0FB1776C-E58D-4B0B-8E6E-81C9C837D011}.Debug|x86.ActiveCfg = Debug|Any CPU
		{0FB1776C-E58D-4B0B-8E6E-81C9C837D011}.Debug|x86.Build.0 = Debug|Any CPU
		{0FB1776C-E58D-4B0B-8E6E-81C9C837D011}.Release|Any CPU.ActiveCfg = Release|Any CPU
		{0FB1776C-E58D-4B0B-8E6E-81C9C837D011}.Release|Any CPU.Build.0 = Release|Any CPU
		{0FB1776C-E58D-4B0B-8E6E-81C9C837D011}.Release|x64.ActiveCfg = Release|Any CPU
		{0FB1776C-E58D-4B0B-8E6E-81C9C837D011}.Release|x64.Build.0 = Release|Any CPU
		{0FB1776C-E58D-4B0B-8E6E-81C9C837D011}.Release|x86.ActiveCfg = Release|Any CPU
		{0FB1776C-E58D-4B0B-8E6E-81C9C837D011}.Release|x86.Build.0 = Release|Any CPU
		{C0A4BCF7-5DB0-4AD9-BA98-B9E9E6AAAB80}.Debug|Any CPU.ActiveCfg = Debug|Any CPU
		{C0A4BCF7-5DB0-4AD9-BA98-B9E9E6AAAB80}.Debug|Any CPU.Build.0 = Debug|Any CPU
		{C0A4BCF7-5DB0-4AD9-BA98-B9E9E6AAAB80}.Debug|x64.ActiveCfg = Debug|Any CPU
		{C0A4BCF7-5DB0-4AD9-BA98-B9E9E6AAAB80}.Debug|x64.Build.0 = Debug|Any CPU
		{C0A4BCF7-5DB0-4AD9-BA98-B9E9E6AAAB80}.Debug|x86.ActiveCfg = Debug|Any CPU
		{C0A4BCF7-5DB0-4AD9-BA98-B9E9E6AAAB80}.Debug|x86.Build.0 = Debug|Any CPU
		{C0A4BCF7-5DB0-4AD9-BA98-B9E9E6AAAB80}.Release|Any CPU.ActiveCfg = Release|Any CPU
		{C0A4BCF7-5DB0-4AD9-BA98-B9E9E6AAAB80}.Release|Any CPU.Build.0 = Release|Any CPU
		{C0A4BCF7-5DB0-4AD9-BA98-B9E9E6AAAB80}.Release|x64.ActiveCfg = Release|Any CPU
		{C0A4BCF7-5DB0-4AD9-BA98-B9E9E6AAAB80}.Release|x64.Build.0 = Release|Any CPU
		{C0A4BCF7-5DB0-4AD9-BA98-B9E9E6AAAB80}.Release|x86.ActiveCfg = Release|Any CPU
		{C0A4BCF7-5DB0-4AD9-BA98-B9E9E6AAAB80}.Release|x86.Build.0 = Release|Any CPU
	EndGlobalSection
	GlobalSection(SolutionProperties) = preSolution
		HideSolutionNode = FALSE
	EndGlobalSection
EndGlobal
